
Microsoft Visual Studio Solution File, Format Version 12.00
# Visual Studio Version 17
VisualStudioVersion = 17.7.34024.191
MinimumVisualStudioVersion = 10.0.40219.1
Project("{FAE04EC0-301F-11D3-BF4B-00C04F79EFBC}") = "Gurudev", "Gurudev.csproj", "{2E3E91DD-C73B-467A-BC06-94115A971472}"
EndProject
Global
	GlobalSection(SolutionConfigurationPlatforms) = preSolution
		Debug|Any CPU = Debug|Any CPU
		Release|Any CPU = Release|Any CPU
	EndGlobalSection
	GlobalSection(ProjectConfigurationPlatforms) = postSolution
		{2E3E91DD-C73B-467A-BC06-94115A971472}.Debug|Any CPU.ActiveCfg = Debug|Any CPU
		{2E3E91DD-C73B-467A-BC06-94115A971472}.Debug|Any CPU.Build.0 = Debug|Any CPU
		{2E3E91DD-C73B-467A-BC06-94115A971472}.Release|Any CPU.ActiveCfg = Release|Any CPU
		{2E3E91DD-C73B-467A-BC06-94115A971472}.Release|Any CPU.Build.0 = Release|Any CPU
	EndGlobalSection
	GlobalSection(SolutionProperties) = preSolution
		HideSolutionNode = FALSE
	EndGlobalSection
	GlobalSection(ExtensibilityGlobals) = postSolution
		SolutionGuid = {98E42BC9-54A0-4CE4-B169-AA2809DD148F}
	EndGlobalSection
EndGlobal
